
Microsoft Visual Studio Solution File, Format Version 12.00
# Visual Studio Version 17
VisualStudioVersion = 17.10.34916.146
MinimumVisualStudioVersion = 10.0.40219.1
Project("{9A19103F-16F7-4668-BE54-9A1E7A4F7556}") = "Rotten-Potatoes.Api", "Rotten-Potatoes.Api\Rotten-Potatoes.Api.csproj", "{1DAA05D7-8AAA-4C30-92DE-3ECA543B0010}"
EndProject
Project("{E53339B2-1760-4266-BCC7-CA923CBCF16C}") = "docker-compose", "docker-compose.dcproj", "{F1862AF6-1CF5-4368-ADD9-B8D9A6AADE9D}"
EndProject
Project("{FAE04EC0-301F-11D3-BF4B-00C04F79EFBC}") = "Rotten-Potatoes.Domain", "Rotten-Potatoes.Domain\Rotten-Potatoes.Domain.csproj", "{00965AE1-9FDE-4372-B208-87DDB488D9D1}"
EndProject
Global
	GlobalSection(SolutionConfigurationPlatforms) = preSolution
		Debug|Any CPU = Debug|Any CPU
		Release|Any CPU = Release|Any CPU
	EndGlobalSection
	GlobalSection(ProjectConfigurationPlatforms) = postSolution
		{1DAA05D7-8AAA-4C30-92DE-3ECA543B0010}.Debug|Any CPU.ActiveCfg = Debug|Any CPU
		{1DAA05D7-8AAA-4C30-92DE-3ECA543B0010}.Debug|Any CPU.Build.0 = Debug|Any CPU
		{1DAA05D7-8AAA-4C30-92DE-3ECA543B0010}.Release|Any CPU.ActiveCfg = Release|Any CPU
		{1DAA05D7-8AAA-4C30-92DE-3ECA543B0010}.Release|Any CPU.Build.0 = Release|Any CPU
		{F1862AF6-1CF5-4368-ADD9-B8D9A6AADE9D}.Debug|Any CPU.ActiveCfg = Debug|Any CPU
		{F1862AF6-1CF5-4368-ADD9-B8D9A6AADE9D}.Debug|Any CPU.Build.0 = Debug|Any CPU
		{F1862AF6-1CF5-4368-ADD9-B8D9A6AADE9D}.Release|Any CPU.ActiveCfg = Release|Any CPU
		{F1862AF6-1CF5-4368-ADD9-B8D9A6AADE9D}.Release|Any CPU.Build.0 = Release|Any CPU
		{00965AE1-9FDE-4372-B208-87DDB488D9D1}.Debug|Any CPU.ActiveCfg = Debug|Any CPU
		{00965AE1-9FDE-4372-B208-87DDB488D9D1}.Debug|Any CPU.Build.0 = Debug|Any CPU
		{00965AE1-9FDE-4372-B208-87DDB488D9D1}.Release|Any CPU.ActiveCfg = Release|Any CPU
		{00965AE1-9FDE-4372-B208-87DDB488D9D1}.Release|Any CPU.Build.0 = Release|Any CPU
	EndGlobalSection
	GlobalSection(SolutionProperties) = preSolution
		HideSolutionNode = FALSE
	EndGlobalSection
	GlobalSection(ExtensibilityGlobals) = postSolution
		SolutionGuid = {D66BBA0D-DC60-4AC8-8825-7677DAFFACEA}
	EndGlobalSection
EndGlobal
